
Microsoft Visual Studio Solution File, Format Version 12.00
# Visual Studio Version 16
VisualStudioVersion = 16.0.30804.86
MinimumVisualStudioVersion = 10.0.40219.1
Project("{FAE04EC0-301F-11D3-BF4B-00C04F79EFBC}") = "VogCodeChallenge.API", "VogCodeChallenge.API\VogCodeChallenge.API.csproj", "{FAF260C7-3075-4772-82E1-BBD51FA3D646}"
EndProject
Project("{2150E333-8FDC-42A3-9474-1A3956D46DE8}") = "Solution Items", "Solution Items", "{3E2D1519-1690-4318-B264-684CA7E5AA12}"
	ProjectSection(SolutionItems) = preProject
		README.md = README.md
	EndProjectSection
EndProject
Project("{E53339B2-1760-4266-BCC7-CA923CBCF16C}") = "docker-compose", "docker-compose.dcproj", "{8E5521D7-60C8-4FCE-AC93-A27FAF4C028C}"
EndProject
Project("{FAE04EC0-301F-11D3-BF4B-00C04F79EFBC}") = "VogCodeChallenge.App", "VogCodeChallenge.App\VogCodeChallenge.App.csproj", "{2F21753B-EAF7-400B-851A-B31953EFDD60}"
EndProject
Project("{FAE04EC0-301F-11D3-BF4B-00C04F79EFBC}") = "VogCodeChallenge.Models", "VogCodeChallenge.Models\VogCodeChallenge.Models.csproj", "{B289A5EF-50DC-4630-80E1-C9713960EB01}"
EndProject
Project("{FAE04EC0-301F-11D3-BF4B-00C04F79EFBC}") = "ConsoleApp", "ConsoleApp\ConsoleApp.csproj", "{E11909C9-3AE8-426A-97BA-6E075BA95C01}"
EndProject
Global
	GlobalSection(SolutionConfigurationPlatforms) = preSolution
		Debug|Any CPU = Debug|Any CPU
		Release|Any CPU = Release|Any CPU
	EndGlobalSection
	GlobalSection(ProjectConfigurationPlatforms) = postSolution
		{FAF260C7-3075-4772-82E1-BBD51FA3D646}.Debug|Any CPU.ActiveCfg = Debug|Any CPU
		{FAF260C7-3075-4772-82E1-BBD51FA3D646}.Debug|Any CPU.Build.0 = Debug|Any CPU
		{FAF260C7-3075-4772-82E1-BBD51FA3D646}.Release|Any CPU.ActiveCfg = Release|Any CPU
		{FAF260C7-3075-4772-82E1-BBD51FA3D646}.Release|Any CPU.Build.0 = Release|Any CPU
		{8E5521D7-60C8-4FCE-AC93-A27FAF4C028C}.Debug|Any CPU.ActiveCfg = Debug|Any CPU
		{8E5521D7-60C8-4FCE-AC93-A27FAF4C028C}.Debug|Any CPU.Build.0 = Debug|Any CPU
		{8E5521D7-60C8-4FCE-AC93-A27FAF4C028C}.Release|Any CPU.ActiveCfg = Release|Any CPU
		{8E5521D7-60C8-4FCE-AC93-A27FAF4C028C}.Release|Any CPU.Build.0 = Release|Any CPU
		{2F21753B-EAF7-400B-851A-B31953EFDD60}.Debug|Any CPU.ActiveCfg = Debug|Any CPU
		{2F21753B-EAF7-400B-851A-B31953EFDD60}.Debug|Any CPU.Build.0 = Debug|Any CPU
		{2F21753B-EAF7-400B-851A-B31953EFDD60}.Release|Any CPU.ActiveCfg = Release|Any CPU
		{2F21753B-EAF7-400B-851A-B31953EFDD60}.Release|Any CPU.Build.0 = Release|Any CPU
		{B289A5EF-50DC-4630-80E1-C9713960EB01}.Debug|Any CPU.ActiveCfg = Debug|Any CPU
		{B289A5EF-50DC-4630-80E1-C9713960EB01}.Debug|Any CPU.Build.0 = Debug|Any CPU
		{B289A5EF-50DC-4630-80E1-C9713960EB01}.Release|Any CPU.ActiveCfg = Release|Any CPU
		{B289A5EF-50DC-4630-80E1-C9713960EB01}.Release|Any CPU.Build.0 = Release|Any CPU
		{E11909C9-3AE8-426A-97BA-6E075BA95C01}.Debug|Any CPU.ActiveCfg = Debug|Any CPU
		{E11909C9-3AE8-426A-97BA-6E075BA95C01}.Debug|Any CPU.Build.0 = Debug|Any CPU
		{E11909C9-3AE8-426A-97BA-6E075BA95C01}.Release|Any CPU.ActiveCfg = Release|Any CPU
		{E11909C9-3AE8-426A-97BA-6E075BA95C01}.Release|Any CPU.Build.0 = Release|Any CPU
	EndGlobalSection
	GlobalSection(SolutionProperties) = preSolution
		HideSolutionNode = FALSE
	EndGlobalSection
	GlobalSection(ExtensibilityGlobals) = postSolution
		SolutionGuid = {C86AF8E2-EA8B-44F8-92EA-43F51A932B7F}
	EndGlobalSection
EndGlobal
